{
  "name": "VoiceSpace",
  "lockfileVersion": 2,
  "requires": true,
  "packages": {
    "": {
      "dependencies": {
        "pixi-viewport": "^4.33.0",
        "pixi.js": "^6.1.3"
      }
    },
    "node_modules/@pixi/accessibility": {
      "version": "6.1.3",
      "resolved": "https://registry.npmjs.org/@pixi/accessibility/-/accessibility-6.1.3.tgz",
      "integrity": "sha512-JK6rtqfC2/rnJt1xLPznH2lNH0Jx9f2Py7uh50VM1sqoYrkyAAegenbOdyEzgB35Q4oQji3aBkTsWn2mrwXp/g==",
      "peerDependencies": {
        "@pixi/core": "6.1.3",
        "@pixi/display": "6.1.3",
        "@pixi/utils": "6.1.3"
      }
    },
    "node_modules/@pixi/app": {
      "version": "6.1.3",
      "resolved": "https://registry.npmjs.org/@pixi/app/-/app-6.1.3.tgz",
      "integrity": "sha512-gryDVXuzErRIgY5G2CRQH6fZM7Pk3m1CFEInXEKa4rmVzfwRz+3OeU0YNSnD9atPAS5C2TaAzE4yOSHH2+wESQ==",
      "peerDependencies": {
        "@pixi/core": "6.1.3",
        "@pixi/display": "6.1.3"
      }
    },
    "node_modules/@pixi/compressed-textures": {
      "version": "6.1.3",
      "resolved": "https://registry.npmjs.org/@pixi/compressed-textures/-/compressed-textures-6.1.3.tgz",
      "integrity": "sha512-FO2B7GhDMlZA0fnpH2PvNOh6ZlRxQoJnNlpjzNw+x1nvF9h3+V6dbFoG9oBC5zAisTfacdfoo1TdT789Oh+kTg==",
      "peerDependencies": {
        "@pixi/constants": "6.1.3",
        "@pixi/core": "6.1.3",
        "@pixi/loaders": "6.1.3",
        "@pixi/utils": "6.1.3"
      }
    },
    "node_modules/@pixi/constants": {
      "version": "6.1.3",
      "resolved": "https://registry.npmjs.org/@pixi/constants/-/constants-6.1.3.tgz",
      "integrity": "sha512-Qvz/SIxw+dQ6P9niOEdILWX2DQ5FnGA0XZNFLW/3amekzad/+WqHobL+Mg5S6A4/a9mXTnqjyB0BqhhtLfpFkA=="
    },
    "node_modules/@pixi/core": {
      "version": "6.1.3",
      "resolved": "https://registry.npmjs.org/@pixi/core/-/core-6.1.3.tgz",
      "integrity": "sha512-UQsR1Q7c+Zcvtu6HrYMidvoyF/j9n3b4WXPh3ojuNV6+ZIvps3rznoZYaIx6foEJNhj7HM9fMObsimGP+FB36A==",
      "funding": {
        "type": "opencollective",
        "url": "https://opencollective.com/pixijs"
      },
      "peerDependencies": {
        "@pixi/constants": "6.1.3",
        "@pixi/math": "6.1.3",
        "@pixi/runner": "6.1.3",
        "@pixi/settings": "6.1.3",
        "@pixi/ticker": "6.1.3",
        "@pixi/utils": "6.1.3"
      }
    },
    "node_modules/@pixi/display": {
      "version": "6.1.3",
      "resolved": "https://registry.npmjs.org/@pixi/display/-/display-6.1.3.tgz",
      "integrity": "sha512-8/GdapJVKfl6PUkxX/Et5zB1aXny+uy353cQX886KJ6dGle82fQAYjIn7I6Xm+JiZWOhWo0N6KE9cjotO0rroA==",
      "peerDependencies": {
        "@pixi/math": "6.1.3",
        "@pixi/settings": "6.1.3",
        "@pixi/utils": "6.1.3"
      }
    },
    "node_modules/@pixi/extract": {
      "version": "6.1.3",
      "resolved": "https://registry.npmjs.org/@pixi/extract/-/extract-6.1.3.tgz",
      "integrity": "sha512-yZOsXc9Lh+U59ayl+DoWDPmndrOJj5ft2nzENMAvz2rVEOHQjWxH73qCSP6Wa5VsoINyJLMmV4MTbI+U0SH7GA==",
      "peerDependencies": {
        "@pixi/core": "6.1.3",
        "@pixi/math": "6.1.3",
        "@pixi/utils": "6.1.3"
      }
    },
    "node_modules/@pixi/filter-alpha": {
      "version": "6.1.3",
      "resolved": "https://registry.npmjs.org/@pixi/filter-alpha/-/filter-alpha-6.1.3.tgz",
      "integrity": "sha512-eubgEO/qlxQbuPXgwxTZxTBTWjA0EQbrs7TyPqyBK2Wj0eEvimaVQ8u4eiqfMFJCZLnuWDCAPJpP9bMHxBXXpQ==",
      "peerDependencies": {
        "@pixi/core": "6.1.3"
      }
    },
    "node_modules/@pixi/filter-blur": {
      "version": "6.1.3",
      "resolved": "https://registry.npmjs.org/@pixi/filter-blur/-/filter-blur-6.1.3.tgz",
      "integrity": "sha512-uo8FHpV+qm4SuXcDnWqZWrznHmLJ3b8ibgLAgi/e8VmwrFiC+EqGa4n4V8J+xtR5P/iA3lT5pRgWw09/xHN3dQ==",
      "peerDependencies": {
        "@pixi/core": "6.1.3",
        "@pixi/settings": "6.1.3"
      }
    },
    "node_modules/@pixi/filter-color-matrix": {
      "version": "6.1.3",
      "resolved": "https://registry.npmjs.org/@pixi/filter-color-matrix/-/filter-color-matrix-6.1.3.tgz",
      "integrity": "sha512-d1pyxmVrGDOrO5pINe+fTspj1NNxiIp2IZ+FGgT7e17xnxjXTvtk4n4KqXAZFS1NCoStImDAV5j+b8Lysdg5jQ==",
      "peerDependencies": {
        "@pixi/core": "6.1.3"
      }
    },
    "node_modules/@pixi/filter-displacement": {
      "version": "6.1.3",
      "resolved": "https://registry.npmjs.org/@pixi/filter-displacement/-/filter-displacement-6.1.3.tgz",
      "integrity": "sha512-tIXK8vXzb2unMxGmu4gjdlOwddnkHA0IJXFTOF25a5h36v/AHqWwWG4h5G775oPu37UuhuYjeD/j229t0Q9QNQ==",
      "peerDependencies": {
        "@pixi/core": "6.1.3",
        "@pixi/math": "6.1.3"
      }
    },
    "node_modules/@pixi/filter-fxaa": {
      "version": "6.1.3",
      "resolved": "https://registry.npmjs.org/@pixi/filter-fxaa/-/filter-fxaa-6.1.3.tgz",
      "integrity": "sha512-yhKVxX5vFKQz3lxfqAGg4XoajFyIRR8XzWqEHgAsPMFRnIIQIbF25bMRygZj12P61z3vxwqAM/2bn7S46Ii1zQ==",
      "peerDependencies": {
        "@pixi/core": "6.1.3"
      }
    },
    "node_modules/@pixi/filter-noise": {
      "version": "6.1.3",
      "resolved": "https://registry.npmjs.org/@pixi/filter-noise/-/filter-noise-6.1.3.tgz",
      "integrity": "sha512-oVRtcJwbN6VnAnvXZuLEZ0c12JUzporao5AziXgRAUjTMA3bFVE0/7Dx193Kx/l6UAasmzhWQctuv6NMxy5Efw==",
      "peerDependencies": {
        "@pixi/core": "6.1.3"
      }
    },
    "node_modules/@pixi/graphics": {
      "version": "6.1.3",
      "resolved": "https://registry.npmjs.org/@pixi/graphics/-/graphics-6.1.3.tgz",
      "integrity": "sha512-e5O47yECRp5WXWIvKhLDQKpiak7CfIqJzuTuQIyE7jXp8QiJNw+aoWNlJEd4ksKbsDkP3EE39CxlmiaBpxNL3w==",
      "peerDependencies": {
        "@pixi/constants": "6.1.3",
        "@pixi/core": "6.1.3",
        "@pixi/display": "6.1.3",
        "@pixi/math": "6.1.3",
        "@pixi/sprite": "6.1.3",
        "@pixi/utils": "6.1.3"
      }
    },
    "node_modules/@pixi/interaction": {
      "version": "6.1.3",
      "resolved": "https://registry.npmjs.org/@pixi/interaction/-/interaction-6.1.3.tgz",
      "integrity": "sha512-ju3fE/KnO6KZChnZzZAdY6bfjlSh7/igZcVcd/MZRkAdNozx4QoN5sYmwrcvTvA5llMYaThSIRWgIHQiSlbOfQ==",
      "peerDependencies": {
        "@pixi/core": "6.1.3",
        "@pixi/display": "6.1.3",
        "@pixi/math": "6.1.3",
        "@pixi/ticker": "6.1.3",
        "@pixi/utils": "6.1.3"
      }
    },
    "node_modules/@pixi/loaders": {
      "version": "6.1.3",
      "resolved": "https://registry.npmjs.org/@pixi/loaders/-/loaders-6.1.3.tgz",
      "integrity": "sha512-qOvy72bsVGzCmWyoofm6dm1l//hd+bJneidngplwsovpqnnyMfuewCpQjeLRL6rLqcHR40V1+Qo4iJ+ElMdVZQ==",
      "peerDependencies": {
        "@pixi/constants": "6.1.3",
        "@pixi/core": "6.1.3",
        "@pixi/utils": "6.1.3"
      }
    },
    "node_modules/@pixi/math": {
      "version": "6.1.3",
      "resolved": "https://registry.npmjs.org/@pixi/math/-/math-6.1.3.tgz",
      "integrity": "sha512-1bLZeHpG38Bz6TESwxayNbL7tztOd7gpZDXS5OiBB9n8SFZeKlWfRQ/aJrvjoBz2qsZf9gGeVKsHpC/FJz0qnA=="
    },
    "node_modules/@pixi/mesh": {
      "version": "6.1.3",
      "resolved": "https://registry.npmjs.org/@pixi/mesh/-/mesh-6.1.3.tgz",
      "integrity": "sha512-TF9eKNQdowozVOr4G05+Auku2EK8XwDXKYVvMYvt6Tsn2DLSrRhWl7xYyj4EuTjW/4eaP/c2QqY18cEMoMtJiQ==",
      "peerDependencies": {
        "@pixi/constants": "6.1.3",
        "@pixi/core": "6.1.3",
        "@pixi/display": "6.1.3",
        "@pixi/math": "6.1.3",
        "@pixi/settings": "6.1.3",
        "@pixi/utils": "6.1.3"
      }
    },
    "node_modules/@pixi/mesh-extras": {
      "version": "6.1.3",
      "resolved": "https://registry.npmjs.org/@pixi/mesh-extras/-/mesh-extras-6.1.3.tgz",
      "integrity": "sha512-HuTV8SkTQZDU1bmHmJWRo+4Hiz89oCuOonE3ckfqsoAoULfImgU72qqNIq7Vxmnu3kXoXAwV+fvOl49OzWl4+w==",
      "peerDependencies": {
        "@pixi/constants": "6.1.3",
        "@pixi/core": "6.1.3",
        "@pixi/math": "6.1.3",
        "@pixi/mesh": "6.1.3",
        "@pixi/utils": "6.1.3"
      }
    },
    "node_modules/@pixi/mixin-cache-as-bitmap": {
      "version": "6.1.3",
      "resolved": "https://registry.npmjs.org/@pixi/mixin-cache-as-bitmap/-/mixin-cache-as-bitmap-6.1.3.tgz",
      "integrity": "sha512-mEa0kn3Mou3KhbAUpaGnvmPz/ifI/41af1N6kVcTz1V8cu4BI/f74xLv5pKkQtp+xzWlquGo/2z9urkrRFD6qA==",
      "peerDependencies": {
        "@pixi/core": "6.1.3",
        "@pixi/display": "6.1.3",
        "@pixi/math": "6.1.3",
        "@pixi/settings": "6.1.3",
        "@pixi/sprite": "6.1.3",
        "@pixi/utils": "6.1.3"
      }
    },
    "node_modules/@pixi/mixin-get-child-by-name": {
      "version": "6.1.3",
      "resolved": "https://registry.npmjs.org/@pixi/mixin-get-child-by-name/-/mixin-get-child-by-name-6.1.3.tgz",
      "integrity": "sha512-HHrnA1MtsMSyW0lOnBlklHp7j3JGYHIyick4b8F8p8eKqOFiAVdLzf4tmX/fKF4zs6i7DuYKE8G9Z7vpAhyrFg==",
      "peerDependencies": {
        "@pixi/display": "6.1.3"
      }
    },
    "node_modules/@pixi/mixin-get-global-position": {
      "version": "6.1.3",
      "resolved": "https://registry.npmjs.org/@pixi/mixin-get-global-position/-/mixin-get-global-position-6.1.3.tgz",
      "integrity": "sha512-XqhEyViMlGOS+p2LKW2tFjQy4ghbARKriwgY10MGvNApHHZbUDL3VKM1EmR6F2Xj8PPmycWRw/0oBu148O2KhQ==",
      "peerDependencies": {
        "@pixi/display": "6.1.3",
        "@pixi/math": "6.1.3"
      }
    },
    "node_modules/@pixi/particle-container": {
      "version": "6.1.3",
      "resolved": "https://registry.npmjs.org/@pixi/particle-container/-/particle-container-6.1.3.tgz",
      "integrity": "sha512-pZqRRL5Yx2Yy30cdjsNEXRpTfl1WEf640ZLVHX2+fcKcWftPJaIXQZR+0aLvijyWF3VA4O/r/8IxhYgiMkqAUQ==",
      "peerDependencies": {
        "@pixi/constants": "6.1.3",
        "@pixi/core": "6.1.3",
        "@pixi/display": "6.1.3",
        "@pixi/math": "6.1.3",
        "@pixi/utils": "6.1.3"
      }
    },
    "node_modules/@pixi/polyfill": {
      "version": "6.1.3",
      "resolved": "https://registry.npmjs.org/@pixi/polyfill/-/polyfill-6.1.3.tgz",
      "integrity": "sha512-e+g2sHK/ORKDOrhJ86zZgdMSkQNzKdkaMw/UUFZ5wEUJgltoqF7H0zwNVPPO/1m7hfrN02PBMinYtXM+qFdY/A==",
      "dependencies": {
        "object-assign": "^4.1.1",
        "promise-polyfill": "^8.2.0"
      }
    },
    "node_modules/@pixi/prepare": {
      "version": "6.1.3",
      "resolved": "https://registry.npmjs.org/@pixi/prepare/-/prepare-6.1.3.tgz",
      "integrity": "sha512-zjv81fPJjdQyWGCbA9Ij04GfwJUYA3j6/vFyJFaDKVMqEWzNDJwu40G00P23BXh3F5dYL638EXvyLYDQavjseg==",
      "peerDependencies": {
        "@pixi/core": "6.1.3",
        "@pixi/display": "6.1.3",
        "@pixi/graphics": "6.1.3",
        "@pixi/settings": "6.1.3",
        "@pixi/text": "6.1.3",
        "@pixi/ticker": "6.1.3"
      }
    },
    "node_modules/@pixi/runner": {
      "version": "6.1.3",
      "resolved": "https://registry.npmjs.org/@pixi/runner/-/runner-6.1.3.tgz",
      "integrity": "sha512-hJw7O9enlei7Cp5/j2REKuUjvyyC4BGqmVycmt01jTYyphRYMNQgyF+OjwrL7nidZMXnCVzfNKWi8e5+c4wssg=="
    },
    "node_modules/@pixi/settings": {
      "version": "6.1.3",
      "resolved": "https://registry.npmjs.org/@pixi/settings/-/settings-6.1.3.tgz",
      "integrity": "sha512-laKwS4/R+bTQokKIeMeMO4orvSNTMWUpNRXJbDq7N29bCrA5pT6BW+LNZ+4gJs4TFK/s9bmP/xU5BlPVKHRoyg==",
      "dependencies": {
        "ismobilejs": "^1.1.0"
      }
    },
    "node_modules/@pixi/sprite": {
      "version": "6.1.3",
      "resolved": "https://registry.npmjs.org/@pixi/sprite/-/sprite-6.1.3.tgz",
      "integrity": "sha512-TzvqeRV+bbxFbucR74c28wcDsCbXic+5dONM+fy31ejAIraKbigzKbgHxH6opgLEMMh5APzmJPlwntYdEUGSXQ==",
      "peerDependencies": {
        "@pixi/constants": "6.1.3",
        "@pixi/core": "6.1.3",
        "@pixi/display": "6.1.3",
        "@pixi/math": "6.1.3",
        "@pixi/settings": "6.1.3",
        "@pixi/utils": "6.1.3"
      }
    },
    "node_modules/@pixi/sprite-animated": {
      "version": "6.1.3",
      "resolved": "https://registry.npmjs.org/@pixi/sprite-animated/-/sprite-animated-6.1.3.tgz",
      "integrity": "sha512-COrFkmcMPxyv3zGRJJrNB2nOdaeDEOYTkbxUcNxMSJ7eT3O3PUX5XEvfOW7bl2zHkt8XraIQ66uwWychqGHx7Q==",
      "peerDependencies": {
        "@pixi/core": "6.1.3",
        "@pixi/sprite": "6.1.3",
        "@pixi/ticker": "6.1.3"
      }
    },
    "node_modules/@pixi/sprite-tiling": {
      "version": "6.1.3",
      "resolved": "https://registry.npmjs.org/@pixi/sprite-tiling/-/sprite-tiling-6.1.3.tgz",
      "integrity": "sha512-om+RrModhNFljb8C1fhpGKtgt5k5AW9gCjFfeBPN+5pVdVjtc/luyO2Cbubpeow9YQldrUZri9it63GBo07Cfw==",
      "peerDependencies": {
        "@pixi/constants": "6.1.3",
        "@pixi/core": "6.1.3",
        "@pixi/display": "6.1.3",
        "@pixi/math": "6.1.3",
        "@pixi/sprite": "6.1.3",
        "@pixi/utils": "6.1.3"
      }
    },
    "node_modules/@pixi/spritesheet": {
      "version": "6.1.3",
      "resolved": "https://registry.npmjs.org/@pixi/spritesheet/-/spritesheet-6.1.3.tgz",
      "integrity": "sha512-QUqAYUzn/+0JlzrLo7ASIFzJSteGZuNMxKwyFL29JtttUIjdJlXe3+jrfUMAu6gewYd9HVYkXJ0ODhH8PH6KpA==",
      "peerDependencies": {
        "@pixi/core": "6.1.3",
        "@pixi/loaders": "6.1.3",
        "@pixi/math": "6.1.3",
        "@pixi/utils": "6.1.3"
      }
    },
    "node_modules/@pixi/text": {
      "version": "6.1.3",
      "resolved": "https://registry.npmjs.org/@pixi/text/-/text-6.1.3.tgz",
      "integrity": "sha512-R0D3cbwwLbQOfobja4NGhq0bF7biCfNE3PXsOmTEsWOroVJqUexIob5XZXoT9Avy3B8nlrB2Hyl5imIQx60jFw==",
      "peerDependencies": {
        "@pixi/core": "6.1.3",
        "@pixi/math": "6.1.3",
        "@pixi/settings": "6.1.3",
        "@pixi/sprite": "6.1.3",
        "@pixi/utils": "6.1.3"
      }
    },
    "node_modules/@pixi/text-bitmap": {
      "version": "6.1.3",
      "resolved": "https://registry.npmjs.org/@pixi/text-bitmap/-/text-bitmap-6.1.3.tgz",
      "integrity": "sha512-x46qOVoosl67dBrG3mgd2eQx3A9NTxWUnzgRpk5vsNfLLNRu6XlM+YoscRMuHT5sLEEBLewjcVxzAAkrSW45eQ==",
      "peerDependencies": {
        "@pixi/core": "6.1.3",
        "@pixi/display": "6.1.3",
        "@pixi/loaders": "6.1.3",
        "@pixi/math": "6.1.3",
        "@pixi/mesh": "6.1.3",
        "@pixi/settings": "6.1.3",
        "@pixi/text": "6.1.3",
        "@pixi/utils": "6.1.3"
      }
    },
    "node_modules/@pixi/ticker": {
      "version": "6.1.3",
      "resolved": "https://registry.npmjs.org/@pixi/ticker/-/ticker-6.1.3.tgz",
      "integrity": "sha512-ZSuhe5HrmkDoqSIZjETUGYCQr/EbtDQGngq0LQLAgblyhAJbi4p/B3uf2XGfRNZ7Tdxdl0j81BmUqBEu2+DeoA==",
      "peerDependencies": {
        "@pixi/settings": "6.1.3"
      }
    },
    "node_modules/@pixi/utils": {
      "version": "6.1.3",
      "resolved": "https://registry.npmjs.org/@pixi/utils/-/utils-6.1.3.tgz",
      "integrity": "sha512-05mm9TBbpYorYO3ALC4CVgR5K6sA/0uhnwE/Zl4ZhNJZN699LrIr0OWFQhxhySeGUPMDaizeEZpn2rhx+CYYpg==",
      "dependencies": {
        "@types/earcut": "^2.1.0",
        "earcut": "^2.2.2",
        "eventemitter3": "^3.1.0",
        "url": "^0.11.0"
      },
      "peerDependencies": {
        "@pixi/constants": "6.1.3",
        "@pixi/settings": "6.1.3"
      }
    },
    "node_modules/@types/earcut": {
      "version": "2.1.1",
      "resolved": "https://registry.npmjs.org/@types/earcut/-/earcut-2.1.1.tgz",
      "integrity": "sha512-w8oigUCDjElRHRRrMvn/spybSMyX8MTkKA5Dv+tS1IE/TgmNZPqUYtvYBXGY8cieSE66gm+szeK+bnbxC2xHTQ=="
    },
    "node_modules/earcut": {
      "version": "2.2.3",
      "resolved": "https://registry.npmjs.org/earcut/-/earcut-2.2.3.tgz",
      "integrity": "sha512-iRDI1QeCQIhMCZk48DRDMVgQSSBDmbzzNhnxIo+pwx3swkfjMh6vh0nWLq1NdvGHLKH6wIrAM3vQWeTj6qeoug=="
    },
    "node_modules/eventemitter3": {
      "version": "3.1.2",
      "resolved": "https://registry.npmjs.org/eventemitter3/-/eventemitter3-3.1.2.tgz",
      "integrity": "sha512-tvtQIeLVHjDkJYnzf2dgVMxfuSGJeM/7UCG17TT4EumTfNtF+0nebF/4zWOIkCreAbtNqhGEboB6BWrwqNaw4Q=="
    },
    "node_modules/ismobilejs": {
      "version": "1.1.1",
      "resolved": "https://registry.npmjs.org/ismobilejs/-/ismobilejs-1.1.1.tgz",
      "integrity": "sha512-VaFW53yt8QO61k2WJui0dHf4SlL8lxBofUuUmwBo0ljPk0Drz2TiuDW4jo3wDcv41qy/SxrJ+VAzJ/qYqsmzRw=="
    },
    "node_modules/object-assign": {
      "version": "4.1.1",
      "resolved": "https://registry.npmjs.org/object-assign/-/object-assign-4.1.1.tgz",
      "integrity": "sha1-IQmtx5ZYh8/AXLvUQsrIv7s2CGM=",
      "engines": {
        "node": ">=0.10.0"
      }
    },
    "node_modules/penner": {
      "version": "0.1.3",
      "resolved": "https://registry.npmjs.org/penner/-/penner-0.1.3.tgz",
      "integrity": "sha1-C4tILU6bOa8vPXw3WSIpuKzClwU="
    },
    "node_modules/pixi-viewport": {
      "version": "4.33.0",
      "resolved": "https://registry.npmjs.org/pixi-viewport/-/pixi-viewport-4.33.0.tgz",
      "integrity": "sha512-njBa7jWmwQemu7fiB8YQXUmXTn3CRW63S/kl/pYWhHPBow4EJJTpbrhfjUdlNeNbDNT8zhpCWHQ9MpLIYhh+5Q==",
      "dependencies": {
        "penner": "^0.1.3"
      },
      "peerDependencies": {
        "@pixi/display": "^6.0.0",
        "@pixi/interaction": "^6.0.0",
        "@pixi/math": "^6.0.0",
        "@pixi/ticker": "^6.0.0"
      }
    },
    "node_modules/pixi.js": {
      "version": "6.1.3",
      "resolved": "https://registry.npmjs.org/pixi.js/-/pixi.js-6.1.3.tgz",
      "integrity": "sha512-h8Y/YVgP4CSPoUQvXaQvQf5GyQxi0b1NtVD38bZQsrX4CQ3r85jBU+zPyHN0fAcvhCB+nNvdD2sEwhhqkNsuSw==",
      "dependencies": {
        "@pixi/accessibility": "6.1.3",
        "@pixi/app": "6.1.3",
        "@pixi/compressed-textures": "6.1.3",
        "@pixi/constants": "6.1.3",
        "@pixi/core": "6.1.3",
        "@pixi/display": "6.1.3",
        "@pixi/extract": "6.1.3",
        "@pixi/filter-alpha": "6.1.3",
        "@pixi/filter-blur": "6.1.3",
        "@pixi/filter-color-matrix": "6.1.3",
        "@pixi/filter-displacement": "6.1.3",
        "@pixi/filter-fxaa": "6.1.3",
        "@pixi/filter-noise": "6.1.3",
        "@pixi/graphics": "6.1.3",
        "@pixi/interaction": "6.1.3",
        "@pixi/loaders": "6.1.3",
        "@pixi/math": "6.1.3",
        "@pixi/mesh": "6.1.3",
        "@pixi/mesh-extras": "6.1.3",
        "@pixi/mixin-cache-as-bitmap": "6.1.3",
        "@pixi/mixin-get-child-by-name": "6.1.3",
        "@pixi/mixin-get-global-position": "6.1.3",
        "@pixi/particle-container": "6.1.3",
        "@pixi/polyfill": "6.1.3",
        "@pixi/prepare": "6.1.3",
        "@pixi/runner": "6.1.3",
        "@pixi/settings": "6.1.3",
        "@pixi/sprite": "6.1.3",
        "@pixi/sprite-animated": "6.1.3",
        "@pixi/sprite-tiling": "6.1.3",
        "@pixi/spritesheet": "6.1.3",
        "@pixi/text": "6.1.3",
        "@pixi/text-bitmap": "6.1.3",
        "@pixi/ticker": "6.1.3",
        "@pixi/utils": "6.1.3"
      },
      "funding": {
        "type": "opencollective",
        "url": "https://opencollective.com/pixijs"
      }
    },
    "node_modules/promise-polyfill": {
      "version": "8.2.0",
      "resolved": "https://registry.npmjs.org/promise-polyfill/-/promise-polyfill-8.2.0.tgz",
      "integrity": "sha512-k/TC0mIcPVF6yHhUvwAp7cvL6I2fFV7TzF1DuGPI8mBh4QQazf36xCKEHKTZKRysEoTQoQdKyP25J8MPJp7j5g=="
    },
    "node_modules/punycode": {
      "version": "1.3.2",
      "resolved": "https://registry.npmjs.org/punycode/-/punycode-1.3.2.tgz",
      "integrity": "sha1-llOgNvt8HuQjQvIyXM7v6jkmxI0="
    },
    "node_modules/querystring": {
      "version": "0.2.0",
      "resolved": "https://registry.npmjs.org/querystring/-/querystring-0.2.0.tgz",
      "integrity": "sha1-sgmEkgO7Jd+CDadW50cAWHhSFiA=",
      "deprecated": "The querystring API is considered Legacy. new code should use the URLSearchParams API instead.",
      "engines": {
        "node": ">=0.4.x"
      }
    },
    "node_modules/url": {
      "version": "0.11.0",
      "resolved": "https://registry.npmjs.org/url/-/url-0.11.0.tgz",
      "integrity": "sha1-ODjpfPxgUh63PFJajlW/3Z4uKPE=",
      "dependencies": {
        "punycode": "1.3.2",
        "querystring": "0.2.0"
      }
    }
  },
  "dependencies": {
    "@pixi/accessibility": {
      "version": "6.1.3",
      "resolved": "https://registry.npmjs.org/@pixi/accessibility/-/accessibility-6.1.3.tgz",
      "integrity": "sha512-JK6rtqfC2/rnJt1xLPznH2lNH0Jx9f2Py7uh50VM1sqoYrkyAAegenbOdyEzgB35Q4oQji3aBkTsWn2mrwXp/g==",
      "requires": {}
    },
    "@pixi/app": {
      "version": "6.1.3",
      "resolved": "https://registry.npmjs.org/@pixi/app/-/app-6.1.3.tgz",
      "integrity": "sha512-gryDVXuzErRIgY5G2CRQH6fZM7Pk3m1CFEInXEKa4rmVzfwRz+3OeU0YNSnD9atPAS5C2TaAzE4yOSHH2+wESQ==",
      "requires": {}
    },
    "@pixi/compressed-textures": {
      "version": "6.1.3",
      "resolved": "https://registry.npmjs.org/@pixi/compressed-textures/-/compressed-textures-6.1.3.tgz",
      "integrity": "sha512-FO2B7GhDMlZA0fnpH2PvNOh6ZlRxQoJnNlpjzNw+x1nvF9h3+V6dbFoG9oBC5zAisTfacdfoo1TdT789Oh+kTg==",
      "requires": {}
    },
    "@pixi/constants": {
      "version": "6.1.3",
      "resolved": "https://registry.npmjs.org/@pixi/constants/-/constants-6.1.3.tgz",
      "integrity": "sha512-Qvz/SIxw+dQ6P9niOEdILWX2DQ5FnGA0XZNFLW/3amekzad/+WqHobL+Mg5S6A4/a9mXTnqjyB0BqhhtLfpFkA=="
    },
    "@pixi/core": {
      "version": "6.1.3",
      "resolved": "https://registry.npmjs.org/@pixi/core/-/core-6.1.3.tgz",
      "integrity": "sha512-UQsR1Q7c+Zcvtu6HrYMidvoyF/j9n3b4WXPh3ojuNV6+ZIvps3rznoZYaIx6foEJNhj7HM9fMObsimGP+FB36A==",
      "requires": {}
    },
    "@pixi/display": {
      "version": "6.1.3",
      "resolved": "https://registry.npmjs.org/@pixi/display/-/display-6.1.3.tgz",
      "integrity": "sha512-8/GdapJVKfl6PUkxX/Et5zB1aXny+uy353cQX886KJ6dGle82fQAYjIn7I6Xm+JiZWOhWo0N6KE9cjotO0rroA==",
      "requires": {}
    },
    "@pixi/extract": {
      "version": "6.1.3",
      "resolved": "https://registry.npmjs.org/@pixi/extract/-/extract-6.1.3.tgz",
      "integrity": "sha512-yZOsXc9Lh+U59ayl+DoWDPmndrOJj5ft2nzENMAvz2rVEOHQjWxH73qCSP6Wa5VsoINyJLMmV4MTbI+U0SH7GA==",
      "requires": {}
    },
    "@pixi/filter-alpha": {
      "version": "6.1.3",
      "resolved": "https://registry.npmjs.org/@pixi/filter-alpha/-/filter-alpha-6.1.3.tgz",
      "integrity": "sha512-eubgEO/qlxQbuPXgwxTZxTBTWjA0EQbrs7TyPqyBK2Wj0eEvimaVQ8u4eiqfMFJCZLnuWDCAPJpP9bMHxBXXpQ==",
      "requires": {}
    },
    "@pixi/filter-blur": {
      "version": "6.1.3",
      "resolved": "https://registry.npmjs.org/@pixi/filter-blur/-/filter-blur-6.1.3.tgz",
      "integrity": "sha512-uo8FHpV+qm4SuXcDnWqZWrznHmLJ3b8ibgLAgi/e8VmwrFiC+EqGa4n4V8J+xtR5P/iA3lT5pRgWw09/xHN3dQ==",
      "requires": {}
    },
    "@pixi/filter-color-matrix": {
      "version": "6.1.3",
      "resolved": "https://registry.npmjs.org/@pixi/filter-color-matrix/-/filter-color-matrix-6.1.3.tgz",
      "integrity": "sha512-d1pyxmVrGDOrO5pINe+fTspj1NNxiIp2IZ+FGgT7e17xnxjXTvtk4n4KqXAZFS1NCoStImDAV5j+b8Lysdg5jQ==",
      "requires": {}
    },
    "@pixi/filter-displacement": {
      "version": "6.1.3",
      "resolved": "https://registry.npmjs.org/@pixi/filter-displacement/-/filter-displacement-6.1.3.tgz",
      "integrity": "sha512-tIXK8vXzb2unMxGmu4gjdlOwddnkHA0IJXFTOF25a5h36v/AHqWwWG4h5G775oPu37UuhuYjeD/j229t0Q9QNQ==",
      "requires": {}
    },
    "@pixi/filter-fxaa": {
      "version": "6.1.3",
      "resolved": "https://registry.npmjs.org/@pixi/filter-fxaa/-/filter-fxaa-6.1.3.tgz",
      "integrity": "sha512-yhKVxX5vFKQz3lxfqAGg4XoajFyIRR8XzWqEHgAsPMFRnIIQIbF25bMRygZj12P61z3vxwqAM/2bn7S46Ii1zQ==",
      "requires": {}
    },
    "@pixi/filter-noise": {
      "version": "6.1.3",
      "resolved": "https://registry.npmjs.org/@pixi/filter-noise/-/filter-noise-6.1.3.tgz",
      "integrity": "sha512-oVRtcJwbN6VnAnvXZuLEZ0c12JUzporao5AziXgRAUjTMA3bFVE0/7Dx193Kx/l6UAasmzhWQctuv6NMxy5Efw==",
      "requires": {}
    },
    "@pixi/graphics": {
      "version": "6.1.3",
      "resolved": "https://registry.npmjs.org/@pixi/graphics/-/graphics-6.1.3.tgz",
      "integrity": "sha512-e5O47yECRp5WXWIvKhLDQKpiak7CfIqJzuTuQIyE7jXp8QiJNw+aoWNlJEd4ksKbsDkP3EE39CxlmiaBpxNL3w==",
      "requires": {}
    },
    "@pixi/interaction": {
      "version": "6.1.3",
      "resolved": "https://registry.npmjs.org/@pixi/interaction/-/interaction-6.1.3.tgz",
      "integrity": "sha512-ju3fE/KnO6KZChnZzZAdY6bfjlSh7/igZcVcd/MZRkAdNozx4QoN5sYmwrcvTvA5llMYaThSIRWgIHQiSlbOfQ==",
      "requires": {}
    },
    "@pixi/loaders": {
      "version": "6.1.3",
      "resolved": "https://registry.npmjs.org/@pixi/loaders/-/loaders-6.1.3.tgz",
      "integrity": "sha512-qOvy72bsVGzCmWyoofm6dm1l//hd+bJneidngplwsovpqnnyMfuewCpQjeLRL6rLqcHR40V1+Qo4iJ+ElMdVZQ==",
      "requires": {}
    },
    "@pixi/math": {
      "version": "6.1.3",
      "resolved": "https://registry.npmjs.org/@pixi/math/-/math-6.1.3.tgz",
      "integrity": "sha512-1bLZeHpG38Bz6TESwxayNbL7tztOd7gpZDXS5OiBB9n8SFZeKlWfRQ/aJrvjoBz2qsZf9gGeVKsHpC/FJz0qnA=="
    },
    "@pixi/mesh": {
      "version": "6.1.3",
      "resolved": "https://registry.npmjs.org/@pixi/mesh/-/mesh-6.1.3.tgz",
      "integrity": "sha512-TF9eKNQdowozVOr4G05+Auku2EK8XwDXKYVvMYvt6Tsn2DLSrRhWl7xYyj4EuTjW/4eaP/c2QqY18cEMoMtJiQ==",
      "requires": {}
    },
    "@pixi/mesh-extras": {
      "version": "6.1.3",
      "resolved": "https://registry.npmjs.org/@pixi/mesh-extras/-/mesh-extras-6.1.3.tgz",
      "integrity": "sha512-HuTV8SkTQZDU1bmHmJWRo+4Hiz89oCuOonE3ckfqsoAoULfImgU72qqNIq7Vxmnu3kXoXAwV+fvOl49OzWl4+w==",
      "requires": {}
    },
    "@pixi/mixin-cache-as-bitmap": {
      "version": "6.1.3",
      "resolved": "https://registry.npmjs.org/@pixi/mixin-cache-as-bitmap/-/mixin-cache-as-bitmap-6.1.3.tgz",
      "integrity": "sha512-mEa0kn3Mou3KhbAUpaGnvmPz/ifI/41af1N6kVcTz1V8cu4BI/f74xLv5pKkQtp+xzWlquGo/2z9urkrRFD6qA==",
      "requires": {}
    },
    "@pixi/mixin-get-child-by-name": {
      "version": "6.1.3",
      "resolved": "https://registry.npmjs.org/@pixi/mixin-get-child-by-name/-/mixin-get-child-by-name-6.1.3.tgz",
      "integrity": "sha512-HHrnA1MtsMSyW0lOnBlklHp7j3JGYHIyick4b8F8p8eKqOFiAVdLzf4tmX/fKF4zs6i7DuYKE8G9Z7vpAhyrFg==",
      "requires": {}
    },
    "@pixi/mixin-get-global-position": {
      "version": "6.1.3",
      "resolved": "https://registry.npmjs.org/@pixi/mixin-get-global-position/-/mixin-get-global-position-6.1.3.tgz",
      "integrity": "sha512-XqhEyViMlGOS+p2LKW2tFjQy4ghbARKriwgY10MGvNApHHZbUDL3VKM1EmR6F2Xj8PPmycWRw/0oBu148O2KhQ==",
      "requires": {}
    },
    "@pixi/particle-container": {
      "version": "6.1.3",
      "resolved": "https://registry.npmjs.org/@pixi/particle-container/-/particle-container-6.1.3.tgz",
      "integrity": "sha512-pZqRRL5Yx2Yy30cdjsNEXRpTfl1WEf640ZLVHX2+fcKcWftPJaIXQZR+0aLvijyWF3VA4O/r/8IxhYgiMkqAUQ==",
      "requires": {}
    },
    "@pixi/polyfill": {
      "version": "6.1.3",
      "resolved": "https://registry.npmjs.org/@pixi/polyfill/-/polyfill-6.1.3.tgz",
      "integrity": "sha512-e+g2sHK/ORKDOrhJ86zZgdMSkQNzKdkaMw/UUFZ5wEUJgltoqF7H0zwNVPPO/1m7hfrN02PBMinYtXM+qFdY/A==",
      "requires": {
        "object-assign": "^4.1.1",
        "promise-polyfill": "^8.2.0"
      }
    },
    "@pixi/prepare": {
      "version": "6.1.3",
      "resolved": "https://registry.npmjs.org/@pixi/prepare/-/prepare-6.1.3.tgz",
      "integrity": "sha512-zjv81fPJjdQyWGCbA9Ij04GfwJUYA3j6/vFyJFaDKVMqEWzNDJwu40G00P23BXh3F5dYL638EXvyLYDQavjseg==",
      "requires": {}
    },
    "@pixi/runner": {
      "version": "6.1.3",
      "resolved": "https://registry.npmjs.org/@pixi/runner/-/runner-6.1.3.tgz",
      "integrity": "sha512-hJw7O9enlei7Cp5/j2REKuUjvyyC4BGqmVycmt01jTYyphRYMNQgyF+OjwrL7nidZMXnCVzfNKWi8e5+c4wssg=="
    },
    "@pixi/settings": {
      "version": "6.1.3",
      "resolved": "https://registry.npmjs.org/@pixi/settings/-/settings-6.1.3.tgz",
      "integrity": "sha512-laKwS4/R+bTQokKIeMeMO4orvSNTMWUpNRXJbDq7N29bCrA5pT6BW+LNZ+4gJs4TFK/s9bmP/xU5BlPVKHRoyg==",
      "requires": {
        "ismobilejs": "^1.1.0"
      }
    },
    "@pixi/sprite": {
      "version": "6.1.3",
      "resolved": "https://registry.npmjs.org/@pixi/sprite/-/sprite-6.1.3.tgz",
      "integrity": "sha512-TzvqeRV+bbxFbucR74c28wcDsCbXic+5dONM+fy31ejAIraKbigzKbgHxH6opgLEMMh5APzmJPlwntYdEUGSXQ==",
      "requires": {}
    },
    "@pixi/sprite-animated": {
      "version": "6.1.3",
      "resolved": "https://registry.npmjs.org/@pixi/sprite-animated/-/sprite-animated-6.1.3.tgz",
      "integrity": "sha512-COrFkmcMPxyv3zGRJJrNB2nOdaeDEOYTkbxUcNxMSJ7eT3O3PUX5XEvfOW7bl2zHkt8XraIQ66uwWychqGHx7Q==",
      "requires": {}
    },
    "@pixi/sprite-tiling": {
      "version": "6.1.3",
      "resolved": "https://registry.npmjs.org/@pixi/sprite-tiling/-/sprite-tiling-6.1.3.tgz",
      "integrity": "sha512-om+RrModhNFljb8C1fhpGKtgt5k5AW9gCjFfeBPN+5pVdVjtc/luyO2Cbubpeow9YQldrUZri9it63GBo07Cfw==",
      "requires": {}
    },
    "@pixi/spritesheet": {
      "version": "6.1.3",
      "resolved": "https://registry.npmjs.org/@pixi/spritesheet/-/spritesheet-6.1.3.tgz",
      "integrity": "sha512-QUqAYUzn/+0JlzrLo7ASIFzJSteGZuNMxKwyFL29JtttUIjdJlXe3+jrfUMAu6gewYd9HVYkXJ0ODhH8PH6KpA==",
      "requires": {}
    },
    "@pixi/text": {
      "version": "6.1.3",
      "resolved": "https://registry.npmjs.org/@pixi/text/-/text-6.1.3.tgz",
      "integrity": "sha512-R0D3cbwwLbQOfobja4NGhq0bF7biCfNE3PXsOmTEsWOroVJqUexIob5XZXoT9Avy3B8nlrB2Hyl5imIQx60jFw==",
      "requires": {}
    },
    "@pixi/text-bitmap": {
      "version": "6.1.3",
      "resolved": "https://registry.npmjs.org/@pixi/text-bitmap/-/text-bitmap-6.1.3.tgz",
      "integrity": "sha512-x46qOVoosl67dBrG3mgd2eQx3A9NTxWUnzgRpk5vsNfLLNRu6XlM+YoscRMuHT5sLEEBLewjcVxzAAkrSW45eQ==",
      "requires": {}
    },
    "@pixi/ticker": {
      "version": "6.1.3",
      "resolved": "https://registry.npmjs.org/@pixi/ticker/-/ticker-6.1.3.tgz",
      "integrity": "sha512-ZSuhe5HrmkDoqSIZjETUGYCQr/EbtDQGngq0LQLAgblyhAJbi4p/B3uf2XGfRNZ7Tdxdl0j81BmUqBEu2+DeoA==",
      "requires": {}
    },
    "@pixi/utils": {
      "version": "6.1.3",
      "resolved": "https://registry.npmjs.org/@pixi/utils/-/utils-6.1.3.tgz",
      "integrity": "sha512-05mm9TBbpYorYO3ALC4CVgR5K6sA/0uhnwE/Zl4ZhNJZN699LrIr0OWFQhxhySeGUPMDaizeEZpn2rhx+CYYpg==",
      "requires": {
        "@types/earcut": "^2.1.0",
        "earcut": "^2.2.2",
        "eventemitter3": "^3.1.0",
        "url": "^0.11.0"
      }
    },
    "@types/earcut": {
      "version": "2.1.1",
      "resolved": "https://registry.npmjs.org/@types/earcut/-/earcut-2.1.1.tgz",
      "integrity": "sha512-w8oigUCDjElRHRRrMvn/spybSMyX8MTkKA5Dv+tS1IE/TgmNZPqUYtvYBXGY8cieSE66gm+szeK+bnbxC2xHTQ=="
    },
    "earcut": {
      "version": "2.2.3",
      "resolved": "https://registry.npmjs.org/earcut/-/earcut-2.2.3.tgz",
      "integrity": "sha512-iRDI1QeCQIhMCZk48DRDMVgQSSBDmbzzNhnxIo+pwx3swkfjMh6vh0nWLq1NdvGHLKH6wIrAM3vQWeTj6qeoug=="
    },
    "eventemitter3": {
      "version": "3.1.2",
      "resolved": "https://registry.npmjs.org/eventemitter3/-/eventemitter3-3.1.2.tgz",
      "integrity": "sha512-tvtQIeLVHjDkJYnzf2dgVMxfuSGJeM/7UCG17TT4EumTfNtF+0nebF/4zWOIkCreAbtNqhGEboB6BWrwqNaw4Q=="
    },
    "ismobilejs": {
      "version": "1.1.1",
      "resolved": "https://registry.npmjs.org/ismobilejs/-/ismobilejs-1.1.1.tgz",
      "integrity": "sha512-VaFW53yt8QO61k2WJui0dHf4SlL8lxBofUuUmwBo0ljPk0Drz2TiuDW4jo3wDcv41qy/SxrJ+VAzJ/qYqsmzRw=="
    },
    "object-assign": {
      "version": "4.1.1",
      "resolved": "https://registry.npmjs.org/object-assign/-/object-assign-4.1.1.tgz",
      "integrity": "sha1-IQmtx5ZYh8/AXLvUQsrIv7s2CGM="
    },
    "penner": {
      "version": "0.1.3",
      "resolved": "https://registry.npmjs.org/penner/-/penner-0.1.3.tgz",
      "integrity": "sha1-C4tILU6bOa8vPXw3WSIpuKzClwU="
    },
    "pixi-viewport": {
      "version": "4.33.0",
      "resolved": "https://registry.npmjs.org/pixi-viewport/-/pixi-viewport-4.33.0.tgz",
      "integrity": "sha512-njBa7jWmwQemu7fiB8YQXUmXTn3CRW63S/kl/pYWhHPBow4EJJTpbrhfjUdlNeNbDNT8zhpCWHQ9MpLIYhh+5Q==",
      "requires": {
        "penner": "^0.1.3"
      }
    },
    "pixi.js": {
      "version": "6.1.3",
      "resolved": "https://registry.npmjs.org/pixi.js/-/pixi.js-6.1.3.tgz",
      "integrity": "sha512-h8Y/YVgP4CSPoUQvXaQvQf5GyQxi0b1NtVD38bZQsrX4CQ3r85jBU+zPyHN0fAcvhCB+nNvdD2sEwhhqkNsuSw==",
      "requires": {
        "@pixi/accessibility": "6.1.3",
        "@pixi/app": "6.1.3",
        "@pixi/compressed-textures": "6.1.3",
        "@pixi/constants": "6.1.3",
        "@pixi/core": "6.1.3",
        "@pixi/display": "6.1.3",
        "@pixi/extract": "6.1.3",
        "@pixi/filter-alpha": "6.1.3",
        "@pixi/filter-blur": "6.1.3",
        "@pixi/filter-color-matrix": "6.1.3",
        "@pixi/filter-displacement": "6.1.3",
        "@pixi/filter-fxaa": "6.1.3",
        "@pixi/filter-noise": "6.1.3",
        "@pixi/graphics": "6.1.3",
        "@pixi/interaction": "6.1.3",
        "@pixi/loaders": "6.1.3",
        "@pixi/math": "6.1.3",
        "@pixi/mesh": "6.1.3",
        "@pixi/mesh-extras": "6.1.3",
        "@pixi/mixin-cache-as-bitmap": "6.1.3",
        "@pixi/mixin-get-child-by-name": "6.1.3",
        "@pixi/mixin-get-global-position": "6.1.3",
        "@pixi/particle-container": "6.1.3",
        "@pixi/polyfill": "6.1.3",
        "@pixi/prepare": "6.1.3",
        "@pixi/runner": "6.1.3",
        "@pixi/settings": "6.1.3",
        "@pixi/sprite": "6.1.3",
        "@pixi/sprite-animated": "6.1.3",
        "@pixi/sprite-tiling": "6.1.3",
        "@pixi/spritesheet": "6.1.3",
        "@pixi/text": "6.1.3",
        "@pixi/text-bitmap": "6.1.3",
        "@pixi/ticker": "6.1.3",
        "@pixi/utils": "6.1.3"
      }
    },
    "promise-polyfill": {
      "version": "8.2.0",
      "resolved": "https://registry.npmjs.org/promise-polyfill/-/promise-polyfill-8.2.0.tgz",
      "integrity": "sha512-k/TC0mIcPVF6yHhUvwAp7cvL6I2fFV7TzF1DuGPI8mBh4QQazf36xCKEHKTZKRysEoTQoQdKyP25J8MPJp7j5g=="
    },
    "punycode": {
      "version": "1.3.2",
      "resolved": "https://registry.npmjs.org/punycode/-/punycode-1.3.2.tgz",
      "integrity": "sha1-llOgNvt8HuQjQvIyXM7v6jkmxI0="
    },
    "querystring": {
      "version": "0.2.0",
      "resolved": "https://registry.npmjs.org/querystring/-/querystring-0.2.0.tgz",
      "integrity": "sha1-sgmEkgO7Jd+CDadW50cAWHhSFiA="
    },
    "url": {
      "version": "0.11.0",
      "resolved": "https://registry.npmjs.org/url/-/url-0.11.0.tgz",
      "integrity": "sha1-ODjpfPxgUh63PFJajlW/3Z4uKPE=",
      "requires": {
        "punycode": "1.3.2",
        "querystring": "0.2.0"
      }
    }
  }
}
